github.com/bi-zone/gowinlog v0.0.0-20190306081938-b0f631ae6a39 h1:R9Re7kYwIdD71qqyYzu79H5VGejoqMM0mrJs1x60C4w=
github.com/bi-zone/gowinlog v0.0.0-20190306081938-b0f631ae6a39/go.mod h1:ODRsN8VCjOboRkycsTHw4pC2I2LMk13eMHUTfTUUX58=
github.com/go-telegram-bot-api/telegram-bot-api v1.0.0 h1:HXVtsZ+yINQeyyhPFAUU4yKmeN+iFhJ87jXZOC016gs=
github.com/go-telegram-bot-api/telegram-bot-api v4.6.4+incompatible h1:2cauKuaELYAEARXRkq2LrJ0yDDv1rW7+wrTEdVL3uaU=
github.com/go-telegram-bot-api/telegram-bot-api v4.6.4+incompatible/go.mod h1:qf9acutJ8cwBUhm1bqgz6Bei9/C/c93FPDljKWwsOgM=
github.com/hashicorp/errwrap v1.0.0 h1:hLrqtEDnRye3+sgx6z4qVLNuviH3MR5aQ0ykNJa/UYA=
github.com/hashicorp/errwrap v1.0.0/go.mod h1:YH+1FKiLXxHSkmPseP+kNlulaMuP3n2brvKWEqk/Jc4=
github.com/hashicorp/go-multierror v1.0.0 h1:iVjPR7a6H0tWELX5NxNe7bYopibicUzc7uPribsnS6o=
github.com/hashicorp/go-multierror v1.0.0/go.mod h1:dHtQlpGsu+cZNNAkkCN/P3hoUDHhCYQXV3UM06sGGrk=
github.com/scalingdata/gowinlog v0.0.0-20171002230756-6a355f699503 h1:0qsRkrmA1EK4Bn6/qRDHiT+vbquefO+SAl3cFZIZ4AA=
github.com/scalingdata/gowinlog v0.0.0-20171002230756-6a355f699503/go.mod h1:cJuPgdop8IDf9xSIYT74+8kWaSTXZ3s/PkpmJtBWObA=
github.com/technoweenie/multipartstreamer v1.0.1 h1:XRztA5MXiR1TIRHxH2uNxXxaIkKQDeX7m2XsSOlQEnM=
github.com/technoweenie/multipartstreamer v1.0.1/go.mod h1:jNVxdtShOxzAsukZwTSw6MDx5eUJoiEBsSvzDU9uzog=
golang.org/x/sys v0.0.0-20190306071516-a98ae47d97a5 h1:x+Ampnh9f/zE3phqz3m2ExO+t8eBTGuUe8xd4GCLbng=
golang.org/x/sys v0.0.0-20190306071516-a98ae47d97a5/go.mod h1:STP8DvDyc/dI5b8T5hshtkjS+E42TnysNCUPdjciGhY=
gopkg.in/check.v1 v0.0.0-20161208181325-20d25e280405/go.mod h1:Co6ibVJAznAaIkqp8huTwlJQCZ016jof/cbN4VW5Yz0=
gopkg.in/yaml.v2 v2.4.0 h1:D8xgwECY7CYvx+Y2n4sBz93Jn9JRvxdiyyo8CTfuKaY=
gopkg.in/yaml.v2 v2.4.0/go.mod h1:RDklbk79AGWmwhnvt/jBztapEOGDOx6ZbXqjP6csGnQ=
